
Microsoft Visual Studio Solution File, Format Version 12.00
# Visual Studio Version 17
VisualStudioVersion = 17.3.32611.2
MinimumVisualStudioVersion = 10.0.40219.1
Project("{FAE04EC0-301F-11D3-BF4B-00C04F79EFBC}") = "WebUI", "WebUI\WebUI.csproj", "{B87072DD-2B31-42D7-83A8-25EFC4325993}"
EndProject
Project("{FAE04EC0-301F-11D3-BF4B-00C04F79EFBC}") = "Application", "Application\Application.csproj", "{C38EADF1-FB11-40F9-84B0-A447F2B82ADD}"
EndProject
Project("{FAE04EC0-301F-11D3-BF4B-00C04F79EFBC}") = "Domain", "Domain\Domain.csproj", "{FE065451-A027-45C0-A932-15E8D95A2181}"
EndProject
Project("{FAE04EC0-301F-11D3-BF4B-00C04F79EFBC}") = "Infrastructure", "Infrastructure\Infrastructure.csproj", "{4DEEF331-3D5E-46DA-B73F-FD54BB1EB8F2}"
EndProject
Global
	GlobalSection(SolutionConfigurationPlatforms) = preSolution
		Debug|Any CPU = Debug|Any CPU
		Release|Any CPU = Release|Any CPU
	EndGlobalSection
	GlobalSection(ProjectConfigurationPlatforms) = postSolution
		{B87072DD-2B31-42D7-83A8-25EFC4325993}.Debug|Any CPU.ActiveCfg = Debug|Any CPU
		{B87072DD-2B31-42D7-83A8-25EFC4325993}.Debug|Any CPU.Build.0 = Debug|Any CPU
		{B87072DD-2B31-42D7-83A8-25EFC4325993}.Release|Any CPU.ActiveCfg = Release|Any CPU
		{B87072DD-2B31-42D7-83A8-25EFC4325993}.Release|Any CPU.Build.0 = Release|Any CPU
		{C38EADF1-FB11-40F9-84B0-A447F2B82ADD}.Debug|Any CPU.ActiveCfg = Debug|Any CPU
		{C38EADF1-FB11-40F9-84B0-A447F2B82ADD}.Debug|Any CPU.Build.0 = Debug|Any CPU
		{C38EADF1-FB11-40F9-84B0-A447F2B82ADD}.Release|Any CPU.ActiveCfg = Release|Any CPU
		{C38EADF1-FB11-40F9-84B0-A447F2B82ADD}.Release|Any CPU.Build.0 = Release|Any CPU
		{FE065451-A027-45C0-A932-15E8D95A2181}.Debug|Any CPU.ActiveCfg = Debug|Any CPU
		{FE065451-A027-45C0-A932-15E8D95A2181}.Debug|Any CPU.Build.0 = Debug|Any CPU
		{FE065451-A027-45C0-A932-15E8D95A2181}.Release|Any CPU.ActiveCfg = Release|Any CPU
		{FE065451-A027-45C0-A932-15E8D95A2181}.Release|Any CPU.Build.0 = Release|Any CPU
		{4DEEF331-3D5E-46DA-B73F-FD54BB1EB8F2}.Debug|Any CPU.ActiveCfg = Debug|Any CPU
		{4DEEF331-3D5E-46DA-B73F-FD54BB1EB8F2}.Debug|Any CPU.Build.0 = Debug|Any CPU
		{4DEEF331-3D5E-46DA-B73F-FD54BB1EB8F2}.Release|Any CPU.ActiveCfg = Release|Any CPU
		{4DEEF331-3D5E-46DA-B73F-FD54BB1EB8F2}.Release|Any CPU.Build.0 = Release|Any CPU
	EndGlobalSection
	GlobalSection(SolutionProperties) = preSolution
		HideSolutionNode = FALSE
	EndGlobalSection
	GlobalSection(ExtensibilityGlobals) = postSolution
		SolutionGuid = {63FF885C-6164-4C97-91AE-EA8996CA27A9}
	EndGlobalSection
EndGlobal
